# THIS IS AN AUTOGENERATED FILE. DO NOT EDIT THIS FILE DIRECTLY.
# yarn lockfile v1


"@types/google-protobuf@3.15.6":
  version "3.15.6"
  resolved "https://registry.yarnpkg.com/@types/google-protobuf/-/google-protobuf-3.15.6.tgz#674a69493ef2c849b95eafe69167ea59079eb504"
  integrity sha512-pYVNNJ+winC4aek+lZp93sIKxnXt5qMkuKmaqS3WGuTq0Bw1ZDYNBgzG5kkdtwcv+GmYJGo3yEg6z2cKKAiEdw==

google-protobuf@^3.20.1:
  version "3.20.1"
  resolved "https://registry.yarnpkg.com/google-protobuf/-/google-protobuf-3.20.1.tgz#1b255c2b59bcda7c399df46c65206aa3c7a0ce8b"
  integrity sha512-XMf1+O32FjYIV3CYu6Tuh5PNbfNEU5Xu22X+Xkdb/DUexFlCzhvv7d5Iirm4AOwn8lv4al1YvIhzGrg2j9Zfzw==

nan@^2.22.0:
  version "2.22.0"
  resolved "https://registry.yarnpkg.com/nan/-/nan-2.22.0.tgz#31bc433fc33213c97bad36404bb68063de604de3"
  integrity sha512-nbajikzWTMwsW+eSsNm3QwlOs7het9gGJU5dDZzRTQGk03vyBOauxgI4VakDzE0PtsGTmXPsXTbbjVhRwR5mpw==

prettier@^3.7.4:
  version "3.7.4"
  resolved "https://registry.yarnpkg.com/prettier/-/prettier-3.7.4.tgz#d2f8335d4b1cec47e1c8098645411b0c9dff9c0f"
  integrity sha512-v6UNi1+3hSlVvv8fSaoUbggEM5VErKmmpGA7Pl3HF8V6uKY7rvClBOJlH6yNwQtfTueNkGVpOv/mtWL9L4bgRA==

protoc-gen-ts@0.8.6:
  version "0.8.6"
  resolved "https://registry.yarnpkg.com/protoc-gen-ts/-/protoc-gen-ts-0.8.6.tgz#e789a6fc3fbe09bdc119acecc349b9554ec5940e"
  integrity sha512-66oeorGy4QBvYjQGd/gaeOYyFqKyRmRgTpofmnw8buMG0P7A0jQjoKSvKJz5h5tNUaVkIzvGBUTRVGakrhhwpA==

tree-sitter-cli@0.21.0:
  version "0.21.0"
  resolved "https://registry.yarnpkg.com/tree-sitter-cli/-/tree-sitter-cli-0.21.0.tgz#563f0a387a62c6ca57ce8dc94849e3ad7bbb0abc"
  integrity sha512-wA7wT5724fNQW82XDH6zT6ZcYonjrAKLCHHuhLsPcAKULrhp3rNuMvlgBdB5FUBvmjHNhtTZF/qpHenMoRJPBw==

typescript@^4.9.0:
  version "4.9.5"
  resolved "https://registry.yarnpkg.com/typescript/-/typescript-4.9.5.tgz#095979f9bcc0d09da324d58d03ce8f8374cbe65a"
  integrity sha512-1FXk9E2Hm+QzZQ7z+McJiHL4NW1F2EzMu9Nq9i3zAaGqibafqYwCVU6WyWAuyQRRzOlxou8xZSyXLEN8oKj24g==
